
Microsoft Visual Studio Solution File, Format Version 12.00
# Visual Studio Version 17
VisualStudioVersion = 17.1.32328.378
MinimumVisualStudioVersion = 10.0.40219.1
Project("{FAE04EC0-301F-11D3-BF4B-00C04F79EFBC}") = "joshua-crompton-co-uk", "joshua-crompton-co-uk\joshua-crompton-co-uk.csproj", "{C2F88E40-3C50-4A67-8506-5D22157622CF}"
EndProject
Global
	GlobalSection(SolutionConfigurationPlatforms) = preSolution
		Debug|Any CPU = Debug|Any CPU
		Release|Any CPU = Release|Any CPU
	EndGlobalSection
	GlobalSection(ProjectConfigurationPlatforms) = postSolution
		{C2F88E40-3C50-4A67-8506-5D22157622CF}.Debug|Any CPU.ActiveCfg = Debug|Any CPU
		{C2F88E40-3C50-4A67-8506-5D22157622CF}.Debug|Any CPU.Build.0 = Debug|Any CPU
		{C2F88E40-3C50-4A67-8506-5D22157622CF}.Release|Any CPU.ActiveCfg = Release|Any CPU
		{C2F88E40-3C50-4A67-8506-5D22157622CF}.Release|Any CPU.Build.0 = Release|Any CPU
	EndGlobalSection
	GlobalSection(SolutionProperties) = preSolution
		HideSolutionNode = FALSE
	EndGlobalSection
	GlobalSection(ExtensibilityGlobals) = postSolution
		SolutionGuid = {29688405-76B1-4F99-BD0C-E6644F36E2FC}
	EndGlobalSection
EndGlobal
